
Microsoft Visual Studio Solution File, Format Version 12.00
# Visual Studio Version 17
VisualStudioVersion = 17.14.36623.8
MinimumVisualStudioVersion = 10.0.40219.1
Project("{FAE04EC0-301F-11D3-BF4B-00C04F79EFBC}") = "Reward.BusinessLogic", "Reward.BusinessLogic\Reward.BusinessLogic.csproj", "{B47295BD-B998-9A45-8772-C41BF0029F3B}"
EndProject
Project("{FAE04EC0-301F-11D3-BF4B-00C04F79EFBC}") = "Reward.BusinessLogic.Tests", "Reward.Tests\Reward.BusinessLogic.Tests.csproj", "{643CD7E5-177E-07B5-09B1-37DD2E115412}"
EndProject
Project("{FAE04EC0-301F-11D3-BF4B-00C04F79EFBC}") = "Reward.Web", "Reward.Web\Reward.Web.csproj", "{C6306DFE-7F44-03A6-9726-91C7E6E1D94A}"
EndProject
Global
	GlobalSection(SolutionConfigurationPlatforms) = preSolution
		Debug|Any CPU = Debug|Any CPU
		Release|Any CPU = Release|Any CPU
	EndGlobalSection
	GlobalSection(ProjectConfigurationPlatforms) = postSolution
		{B47295BD-B998-9A45-8772-C41BF0029F3B}.Debug|Any CPU.ActiveCfg = Debug|Any CPU
		{B47295BD-B998-9A45-8772-C41BF0029F3B}.Debug|Any CPU.Build.0 = Debug|Any CPU
		{B47295BD-B998-9A45-8772-C41BF0029F3B}.Release|Any CPU.ActiveCfg = Release|Any CPU
		{B47295BD-B998-9A45-8772-C41BF0029F3B}.Release|Any CPU.Build.0 = Release|Any CPU
		{643CD7E5-177E-07B5-09B1-37DD2E115412}.Debug|Any CPU.ActiveCfg = Debug|Any CPU
		{643CD7E5-177E-07B5-09B1-37DD2E115412}.Debug|Any CPU.Build.0 = Debug|Any CPU
		{643CD7E5-177E-07B5-09B1-37DD2E115412}.Release|Any CPU.ActiveCfg = Release|Any CPU
		{643CD7E5-177E-07B5-09B1-37DD2E115412}.Release|Any CPU.Build.0 = Release|Any CPU
		{C6306DFE-7F44-03A6-9726-91C7E6E1D94A}.Debug|Any CPU.ActiveCfg = Debug|Any CPU
		{C6306DFE-7F44-03A6-9726-91C7E6E1D94A}.Debug|Any CPU.Build.0 = Debug|Any CPU
		{C6306DFE-7F44-03A6-9726-91C7E6E1D94A}.Release|Any CPU.ActiveCfg = Release|Any CPU
		{C6306DFE-7F44-03A6-9726-91C7E6E1D94A}.Release|Any CPU.Build.0 = Release|Any CPU
	EndGlobalSection
	GlobalSection(SolutionProperties) = preSolution
		HideSolutionNode = FALSE
	EndGlobalSection
	GlobalSection(ExtensibilityGlobals) = postSolution
		SolutionGuid = {490260F2-18A1-4FC2-9082-905EC109BC7E}
	EndGlobalSection
EndGlobal
